
Microsoft Visual Studio Solution File, Format Version 12.00
# Visual Studio Version 16
VisualStudioVersion = 16.0.29519.87
MinimumVisualStudioVersion = 10.0.40219.1
Project("{FAE04EC0-301F-11D3-BF4B-00C04F79EFBC}") = "Studyprogram3", "Studyprogram3\Studyprogram3.csproj", "{95033692-BC9D-45FA-A128-DCD71E37700C}"
EndProject
Global
	GlobalSection(SolutionConfigurationPlatforms) = preSolution
		Debug|Any CPU = Debug|Any CPU
		Release|Any CPU = Release|Any CPU
	EndGlobalSection
	GlobalSection(ProjectConfigurationPlatforms) = postSolution
		{95033692-BC9D-45FA-A128-DCD71E37700C}.Debug|Any CPU.ActiveCfg = Debug|Any CPU
		{95033692-BC9D-45FA-A128-DCD71E37700C}.Debug|Any CPU.Build.0 = Debug|Any CPU
		{95033692-BC9D-45FA-A128-DCD71E37700C}.Release|Any CPU.ActiveCfg = Release|Any CPU
		{95033692-BC9D-45FA-A128-DCD71E37700C}.Release|Any CPU.Build.0 = Release|Any CPU
	EndGlobalSection
	GlobalSection(SolutionProperties) = preSolution
		HideSolutionNode = FALSE
	EndGlobalSection
	GlobalSection(ExtensibilityGlobals) = postSolution
		SolutionGuid = {C094CE47-D2E1-4CE6-B851-F75FC7F52FF1}
	EndGlobalSection
EndGlobal
